
Microsoft Visual Studio Solution File, Format Version 12.00
# Visual Studio Version 17
VisualStudioVersion = 17.8.34330.188
MinimumVisualStudioVersion = 10.0.40219.1
Project("{9A19103F-16F7-4668-BE54-9A1E7A4F7556}") = "EmployeeManagementSystem.Desktop", "EmployeeManagementSystem.Desktop\EmployeeManagementSystem.Desktop.csproj", "{FD5DD132-2795-4104-AA98-D3FEA47EC4CE}"
EndProject
Project("{9A19103F-16F7-4668-BE54-9A1E7A4F7556}") = "EmployeeManagementSystem.API", "EmployeeManagementSystem.API\EmployeeManagementSystem.API.csproj", "{6CA60D18-A523-42DC-B116-267D62712C70}"
EndProject
Global
	GlobalSection(SolutionConfigurationPlatforms) = preSolution
		Debug|Any CPU = Debug|Any CPU
		Release|Any CPU = Release|Any CPU
	EndGlobalSection
	GlobalSection(ProjectConfigurationPlatforms) = postSolution
		{FD5DD132-2795-4104-AA98-D3FEA47EC4CE}.Debug|Any CPU.ActiveCfg = Debug|Any CPU
		{FD5DD132-2795-4104-AA98-D3FEA47EC4CE}.Debug|Any CPU.Build.0 = Debug|Any CPU
		{FD5DD132-2795-4104-AA98-D3FEA47EC4CE}.Release|Any CPU.ActiveCfg = Release|Any CPU
		{FD5DD132-2795-4104-AA98-D3FEA47EC4CE}.Release|Any CPU.Build.0 = Release|Any CPU
		{6CA60D18-A523-42DC-B116-267D62712C70}.Debug|Any CPU.ActiveCfg = Debug|Any CPU
		{6CA60D18-A523-42DC-B116-267D62712C70}.Debug|Any CPU.Build.0 = Debug|Any CPU
		{6CA60D18-A523-42DC-B116-267D62712C70}.Release|Any CPU.ActiveCfg = Release|Any CPU
		{6CA60D18-A523-42DC-B116-267D62712C70}.Release|Any CPU.Build.0 = Release|Any CPU
	EndGlobalSection
	GlobalSection(SolutionProperties) = preSolution
		HideSolutionNode = FALSE
	EndGlobalSection
	GlobalSection(ExtensibilityGlobals) = postSolution
		SolutionGuid = {151FCB1E-F9CE-4795-940B-C24CD033593E}
	EndGlobalSection
EndGlobal
